
Microsoft Visual Studio Solution File, Format Version 12.00
# Visual Studio Version 17
VisualStudioVersion = 17.7.34221.43
MinimumVisualStudioVersion = 10.0.40219.1
Project("{FAE04EC0-301F-11D3-BF4B-00C04F79EFBC}") = "World Map Web", "World Map Web\World Map Web.csproj", "{32351EF9-5FD5-4085-90F5-EB187E8269C1}"
EndProject
Global
	GlobalSection(SolutionConfigurationPlatforms) = preSolution
		Debug|Any CPU = Debug|Any CPU
		Release|Any CPU = Release|Any CPU
	EndGlobalSection
	GlobalSection(ProjectConfigurationPlatforms) = postSolution
		{32351EF9-5FD5-4085-90F5-EB187E8269C1}.Debug|Any CPU.ActiveCfg = Debug|Any CPU
		{32351EF9-5FD5-4085-90F5-EB187E8269C1}.Debug|Any CPU.Build.0 = Debug|Any CPU
		{32351EF9-5FD5-4085-90F5-EB187E8269C1}.Release|Any CPU.ActiveCfg = Release|Any CPU
		{32351EF9-5FD5-4085-90F5-EB187E8269C1}.Release|Any CPU.Build.0 = Release|Any CPU
	EndGlobalSection
	GlobalSection(SolutionProperties) = preSolution
		HideSolutionNode = FALSE
	EndGlobalSection
	GlobalSection(ExtensibilityGlobals) = postSolution
		SolutionGuid = {3A540FF4-DC62-47C5-9C3E-55686F972779}
	EndGlobalSection
EndGlobal
