
Microsoft Visual Studio Solution File, Format Version 12.00
# Visual Studio Version 17
VisualStudioVersion = 17.7.34221.43
MinimumVisualStudioVersion = 10.0.40219.1
Project("{FAE04EC0-301F-11D3-BF4B-00C04F79EFBC}") = "crud2", "crud2\crud2.csproj", "{CE61B2D2-1EC2-48A6-8C04-91B869D0883D}"
EndProject
Global
	GlobalSection(SolutionConfigurationPlatforms) = preSolution
		Debug|Any CPU = Debug|Any CPU
		Release|Any CPU = Release|Any CPU
	EndGlobalSection
	GlobalSection(ProjectConfigurationPlatforms) = postSolution
		{CE61B2D2-1EC2-48A6-8C04-91B869D0883D}.Debug|Any CPU.ActiveCfg = Debug|Any CPU
		{CE61B2D2-1EC2-48A6-8C04-91B869D0883D}.Debug|Any CPU.Build.0 = Debug|Any CPU
		{CE61B2D2-1EC2-48A6-8C04-91B869D0883D}.Release|Any CPU.ActiveCfg = Release|Any CPU
		{CE61B2D2-1EC2-48A6-8C04-91B869D0883D}.Release|Any CPU.Build.0 = Release|Any CPU
	EndGlobalSection
	GlobalSection(SolutionProperties) = preSolution
		HideSolutionNode = FALSE
	EndGlobalSection
	GlobalSection(ExtensibilityGlobals) = postSolution
		SolutionGuid = {ADFE6B2C-EE70-46C5-B2FE-F0E47C1FD3BB}
	EndGlobalSection
EndGlobal
